
Microsoft Visual Studio Solution File, Format Version 12.00
# Visual Studio Version 16
VisualStudioVersion = 16.0.31321.278
MinimumVisualStudioVersion = 10.0.40219.1
Project("{FAE04EC0-301F-11D3-BF4B-00C04F79EFBC}") = "MidTermExam2", "MidTermExam2\MidTermExam2.csproj", "{FCDBD2D0-70FE-486E-82CD-C744C6E6BED0}"
EndProject
Global
	GlobalSection(SolutionConfigurationPlatforms) = preSolution
		Debug|Any CPU = Debug|Any CPU
		Release|Any CPU = Release|Any CPU
	EndGlobalSection
	GlobalSection(ProjectConfigurationPlatforms) = postSolution
		{FCDBD2D0-70FE-486E-82CD-C744C6E6BED0}.Debug|Any CPU.ActiveCfg = Debug|Any CPU
		{FCDBD2D0-70FE-486E-82CD-C744C6E6BED0}.Debug|Any CPU.Build.0 = Debug|Any CPU
		{FCDBD2D0-70FE-486E-82CD-C744C6E6BED0}.Release|Any CPU.ActiveCfg = Release|Any CPU
		{FCDBD2D0-70FE-486E-82CD-C744C6E6BED0}.Release|Any CPU.Build.0 = Release|Any CPU
	EndGlobalSection
	GlobalSection(SolutionProperties) = preSolution
		HideSolutionNode = FALSE
	EndGlobalSection
	GlobalSection(ExtensibilityGlobals) = postSolution
		SolutionGuid = {07448CA7-CA85-4FD6-BF13-5CC12EEFC863}
	EndGlobalSection
EndGlobal
