
Microsoft Visual Studio Solution File, Format Version 12.00
# Visual Studio Version 16
VisualStudioVersion = 16.0.31205.134
MinimumVisualStudioVersion = 10.0.40219.1
Project("{FAE04EC0-301F-11D3-BF4B-00C04F79EFBC}") = "LabEx01", "LabEx01\LabEx01.csproj", "{BFADFC08-56EF-4F34-A5FB-8B3D9ED6655C}"
EndProject
Global
	GlobalSection(SolutionConfigurationPlatforms) = preSolution
		Debug|Any CPU = Debug|Any CPU
		Release|Any CPU = Release|Any CPU
	EndGlobalSection
	GlobalSection(ProjectConfigurationPlatforms) = postSolution
		{BFADFC08-56EF-4F34-A5FB-8B3D9ED6655C}.Debug|Any CPU.ActiveCfg = Debug|Any CPU
		{BFADFC08-56EF-4F34-A5FB-8B3D9ED6655C}.Debug|Any CPU.Build.0 = Debug|Any CPU
		{BFADFC08-56EF-4F34-A5FB-8B3D9ED6655C}.Release|Any CPU.ActiveCfg = Release|Any CPU
		{BFADFC08-56EF-4F34-A5FB-8B3D9ED6655C}.Release|Any CPU.Build.0 = Release|Any CPU
	EndGlobalSection
	GlobalSection(SolutionProperties) = preSolution
		HideSolutionNode = FALSE
	EndGlobalSection
	GlobalSection(ExtensibilityGlobals) = postSolution
		SolutionGuid = {FACDEF52-E1E5-4DCE-A795-6CD7485FB6D8}
	EndGlobalSection
EndGlobal
