
Microsoft Visual Studio Solution File, Format Version 12.00
# Visual Studio Version 16
VisualStudioVersion = 16.0.31321.278
MinimumVisualStudioVersion = 10.0.40219.1
Project("{FAE04EC0-301F-11D3-BF4B-00C04F79EFBC}") = "CSIS1175Demo08", "CSIS1175Demo08\CSIS1175Demo08.csproj", "{EEDF5444-3A70-4A3F-8451-F30BF2BF66CF}"
EndProject
Global
	GlobalSection(SolutionConfigurationPlatforms) = preSolution
		Debug|Any CPU = Debug|Any CPU
		Release|Any CPU = Release|Any CPU
	EndGlobalSection
	GlobalSection(ProjectConfigurationPlatforms) = postSolution
		{EEDF5444-3A70-4A3F-8451-F30BF2BF66CF}.Debug|Any CPU.ActiveCfg = Debug|Any CPU
		{EEDF5444-3A70-4A3F-8451-F30BF2BF66CF}.Debug|Any CPU.Build.0 = Debug|Any CPU
		{EEDF5444-3A70-4A3F-8451-F30BF2BF66CF}.Release|Any CPU.ActiveCfg = Release|Any CPU
		{EEDF5444-3A70-4A3F-8451-F30BF2BF66CF}.Release|Any CPU.Build.0 = Release|Any CPU
	EndGlobalSection
	GlobalSection(SolutionProperties) = preSolution
		HideSolutionNode = FALSE
	EndGlobalSection
	GlobalSection(ExtensibilityGlobals) = postSolution
		SolutionGuid = {1F0A296E-8EBC-47C3-99B3-0AB2E15CD5EC}
	EndGlobalSection
EndGlobal
