
Microsoft Visual Studio Solution File, Format Version 12.00
# Visual Studio Version 16
VisualStudioVersion = 16.0.31205.134
MinimumVisualStudioVersion = 10.0.40219.1
Project("{FAE04EC0-301F-11D3-BF4B-00C04F79EFBC}") = "LabEx03", "LabEx03\LabEx03.csproj", "{AB9B24F5-0CBA-416F-AEAC-2B920B738DE1}"
EndProject
Global
	GlobalSection(SolutionConfigurationPlatforms) = preSolution
		Debug|Any CPU = Debug|Any CPU
		Release|Any CPU = Release|Any CPU
	EndGlobalSection
	GlobalSection(ProjectConfigurationPlatforms) = postSolution
		{AB9B24F5-0CBA-416F-AEAC-2B920B738DE1}.Debug|Any CPU.ActiveCfg = Debug|Any CPU
		{AB9B24F5-0CBA-416F-AEAC-2B920B738DE1}.Debug|Any CPU.Build.0 = Debug|Any CPU
		{AB9B24F5-0CBA-416F-AEAC-2B920B738DE1}.Release|Any CPU.ActiveCfg = Release|Any CPU
		{AB9B24F5-0CBA-416F-AEAC-2B920B738DE1}.Release|Any CPU.Build.0 = Release|Any CPU
	EndGlobalSection
	GlobalSection(SolutionProperties) = preSolution
		HideSolutionNode = FALSE
	EndGlobalSection
	GlobalSection(ExtensibilityGlobals) = postSolution
		SolutionGuid = {BD56A2CA-51CE-4F7D-8095-B7B785C54247}
	EndGlobalSection
EndGlobal
