
Microsoft Visual Studio Solution File, Format Version 12.00
# Visual Studio Version 16
VisualStudioVersion = 16.0.31321.278
MinimumVisualStudioVersion = 10.0.40219.1
Project("{FAE04EC0-301F-11D3-BF4B-00C04F79EFBC}") = "LabEx08", "LabEx08\LabEx08.csproj", "{CFF7E0E9-04E2-45CC-BA84-40C533479129}"
EndProject
Global
	GlobalSection(SolutionConfigurationPlatforms) = preSolution
		Debug|Any CPU = Debug|Any CPU
		Release|Any CPU = Release|Any CPU
	EndGlobalSection
	GlobalSection(ProjectConfigurationPlatforms) = postSolution
		{CFF7E0E9-04E2-45CC-BA84-40C533479129}.Debug|Any CPU.ActiveCfg = Debug|Any CPU
		{CFF7E0E9-04E2-45CC-BA84-40C533479129}.Debug|Any CPU.Build.0 = Debug|Any CPU
		{CFF7E0E9-04E2-45CC-BA84-40C533479129}.Release|Any CPU.ActiveCfg = Release|Any CPU
		{CFF7E0E9-04E2-45CC-BA84-40C533479129}.Release|Any CPU.Build.0 = Release|Any CPU
	EndGlobalSection
	GlobalSection(SolutionProperties) = preSolution
		HideSolutionNode = FALSE
	EndGlobalSection
	GlobalSection(ExtensibilityGlobals) = postSolution
		SolutionGuid = {49E0DCC5-3358-4F24-B39B-0BFEC64D315E}
	EndGlobalSection
EndGlobal
