
Microsoft Visual Studio Solution File, Format Version 12.00
# Visual Studio Version 16
VisualStudioVersion = 16.0.31321.278
MinimumVisualStudioVersion = 10.0.40219.1
Project("{FAE04EC0-301F-11D3-BF4B-00C04F79EFBC}") = "Test", "Test\Test.csproj", "{1940F5D6-6B34-4803-A86D-6215265208BE}"
EndProject
Global
	GlobalSection(SolutionConfigurationPlatforms) = preSolution
		Debug|Any CPU = Debug|Any CPU
		Release|Any CPU = Release|Any CPU
	EndGlobalSection
	GlobalSection(ProjectConfigurationPlatforms) = postSolution
		{1940F5D6-6B34-4803-A86D-6215265208BE}.Debug|Any CPU.ActiveCfg = Debug|Any CPU
		{1940F5D6-6B34-4803-A86D-6215265208BE}.Debug|Any CPU.Build.0 = Debug|Any CPU
		{1940F5D6-6B34-4803-A86D-6215265208BE}.Release|Any CPU.ActiveCfg = Release|Any CPU
		{1940F5D6-6B34-4803-A86D-6215265208BE}.Release|Any CPU.Build.0 = Release|Any CPU
	EndGlobalSection
	GlobalSection(SolutionProperties) = preSolution
		HideSolutionNode = FALSE
	EndGlobalSection
	GlobalSection(ExtensibilityGlobals) = postSolution
		SolutionGuid = {B6CF5DE2-E49B-461A-A819-F12B6CAAAA13}
	EndGlobalSection
EndGlobal
