
Microsoft Visual Studio Solution File, Format Version 12.00
# Visual Studio Version 16
VisualStudioVersion = 16.0.31321.278
MinimumVisualStudioVersion = 10.0.40219.1
Project("{FAE04EC0-301F-11D3-BF4B-00C04F79EFBC}") = "Quiz02", "Quiz02\Quiz02.csproj", "{3D3CE776-13F9-46E8-848D-EF4EC17B61CB}"
EndProject
Global
	GlobalSection(SolutionConfigurationPlatforms) = preSolution
		Debug|Any CPU = Debug|Any CPU
		Release|Any CPU = Release|Any CPU
	EndGlobalSection
	GlobalSection(ProjectConfigurationPlatforms) = postSolution
		{3D3CE776-13F9-46E8-848D-EF4EC17B61CB}.Debug|Any CPU.ActiveCfg = Debug|Any CPU
		{3D3CE776-13F9-46E8-848D-EF4EC17B61CB}.Debug|Any CPU.Build.0 = Debug|Any CPU
		{3D3CE776-13F9-46E8-848D-EF4EC17B61CB}.Release|Any CPU.ActiveCfg = Release|Any CPU
		{3D3CE776-13F9-46E8-848D-EF4EC17B61CB}.Release|Any CPU.Build.0 = Release|Any CPU
	EndGlobalSection
	GlobalSection(SolutionProperties) = preSolution
		HideSolutionNode = FALSE
	EndGlobalSection
	GlobalSection(ExtensibilityGlobals) = postSolution
		SolutionGuid = {4C28A4C9-4184-4EE8-B672-B8DF226D90EF}
	EndGlobalSection
EndGlobal
