
Microsoft Visual Studio Solution File, Format Version 12.00
# Visual Studio Version 16
VisualStudioVersion = 16.0.31205.134
MinimumVisualStudioVersion = 10.0.40219.1
Project("{FAE04EC0-301F-11D3-BF4B-00C04F79EFBC}") = "CSIS1175Demo02", "CSIS1175Demo02\CSIS1175Demo02.csproj", "{7343BCAC-E3AB-40CF-80F9-33E4E71A5FCA}"
EndProject
Global
	GlobalSection(SolutionConfigurationPlatforms) = preSolution
		Debug|Any CPU = Debug|Any CPU
		Release|Any CPU = Release|Any CPU
	EndGlobalSection
	GlobalSection(ProjectConfigurationPlatforms) = postSolution
		{7343BCAC-E3AB-40CF-80F9-33E4E71A5FCA}.Debug|Any CPU.ActiveCfg = Debug|Any CPU
		{7343BCAC-E3AB-40CF-80F9-33E4E71A5FCA}.Debug|Any CPU.Build.0 = Debug|Any CPU
		{7343BCAC-E3AB-40CF-80F9-33E4E71A5FCA}.Release|Any CPU.ActiveCfg = Release|Any CPU
		{7343BCAC-E3AB-40CF-80F9-33E4E71A5FCA}.Release|Any CPU.Build.0 = Release|Any CPU
	EndGlobalSection
	GlobalSection(SolutionProperties) = preSolution
		HideSolutionNode = FALSE
	EndGlobalSection
	GlobalSection(ExtensibilityGlobals) = postSolution
		SolutionGuid = {9FA91427-5A8F-4CA6-9C2F-F73D06CEA6C8}
	EndGlobalSection
EndGlobal
